
Microsoft Visual Studio Solution File, Format Version 12.00
# Visual Studio Version 16
VisualStudioVersion = 16.0.31402.337
MinimumVisualStudioVersion = 10.0.40219.1
Project("{9A19103F-16F7-4668-BE54-9A1E7A4F7556}") = "CityService", "CityService.csproj", "{5F79B7C9-06DF-4335-98A4-6E8B7AEAE65C}"
EndProject
Global
	GlobalSection(SolutionConfigurationPlatforms) = preSolution
		Debug|Any CPU = Debug|Any CPU
		Release|Any CPU = Release|Any CPU
	EndGlobalSection
	GlobalSection(ProjectConfigurationPlatforms) = postSolution
		{5F79B7C9-06DF-4335-98A4-6E8B7AEAE65C}.Debug|Any CPU.ActiveCfg = Debug|Any CPU
		{5F79B7C9-06DF-4335-98A4-6E8B7AEAE65C}.Debug|Any CPU.Build.0 = Debug|Any CPU
		{5F79B7C9-06DF-4335-98A4-6E8B7AEAE65C}.Release|Any CPU.ActiveCfg = Release|Any CPU
		{5F79B7C9-06DF-4335-98A4-6E8B7AEAE65C}.Release|Any CPU.Build.0 = Release|Any CPU
	EndGlobalSection
	GlobalSection(SolutionProperties) = preSolution
		HideSolutionNode = FALSE
	EndGlobalSection
	GlobalSection(ExtensibilityGlobals) = postSolution
		SolutionGuid = {E3201043-7153-4E54-88D8-F3584BE634BA}
	EndGlobalSection
EndGlobal
