
Microsoft Visual Studio Solution File, Format Version 12.00
# Visual Studio Version 16
VisualStudioVersion = 16.0.31402.337
MinimumVisualStudioVersion = 10.0.40219.1
Project("{9A19103F-16F7-4668-BE54-9A1E7A4F7556}") = "WeatherService", "WeatherService.csproj", "{FD74563F-041A-40FD-AE28-93A096DFFE0F}"
EndProject
Global
	GlobalSection(SolutionConfigurationPlatforms) = preSolution
		Debug|Any CPU = Debug|Any CPU
		Release|Any CPU = Release|Any CPU
	EndGlobalSection
	GlobalSection(ProjectConfigurationPlatforms) = postSolution
		{FD74563F-041A-40FD-AE28-93A096DFFE0F}.Debug|Any CPU.ActiveCfg = Debug|Any CPU
		{FD74563F-041A-40FD-AE28-93A096DFFE0F}.Debug|Any CPU.Build.0 = Debug|Any CPU
		{FD74563F-041A-40FD-AE28-93A096DFFE0F}.Release|Any CPU.ActiveCfg = Release|Any CPU
		{FD74563F-041A-40FD-AE28-93A096DFFE0F}.Release|Any CPU.Build.0 = Release|Any CPU
	EndGlobalSection
	GlobalSection(SolutionProperties) = preSolution
		HideSolutionNode = FALSE
	EndGlobalSection
	GlobalSection(ExtensibilityGlobals) = postSolution
		SolutionGuid = {EC9C7ACB-D60C-48FA-AF41-7E18FAC43B00}
	EndGlobalSection
EndGlobal
