
Microsoft Visual Studio Solution File, Format Version 12.00
# Visual Studio Version 16
VisualStudioVersion = 16.0.31402.337
MinimumVisualStudioVersion = 10.0.40219.1
Project("{FAE04EC0-301F-11D3-BF4B-00C04F79EFBC}") = "FakeRpc.Core", "FakeRPC.Core\FakeRpc.Core.csproj", "{BC05A2A6-BC36-4F20-A46F-E7EBC9B0AB10}"
EndProject
Project("{FAE04EC0-301F-11D3-BF4B-00C04F79EFBC}") = "FakeRpc.Web", "FakeRpc.Web\FakeRpc.Web.csproj", "{DD593CE6-BC17-4CB3-82EE-179453508D51}"
EndProject
Project("{FAE04EC0-301F-11D3-BF4B-00C04F79EFBC}") = "FakeRpc.Client", "FakeRpc.Client\FakeRpc.Client.csproj", "{4781BFD1-0A5B-47CF-9AE3-FF63B47F496A}"
EndProject
Global
	GlobalSection(SolutionConfigurationPlatforms) = preSolution
		Debug|Any CPU = Debug|Any CPU
		Release|Any CPU = Release|Any CPU
	EndGlobalSection
	GlobalSection(ProjectConfigurationPlatforms) = postSolution
		{BC05A2A6-BC36-4F20-A46F-E7EBC9B0AB10}.Debug|Any CPU.ActiveCfg = Debug|Any CPU
		{BC05A2A6-BC36-4F20-A46F-E7EBC9B0AB10}.Debug|Any CPU.Build.0 = Debug|Any CPU
		{BC05A2A6-BC36-4F20-A46F-E7EBC9B0AB10}.Release|Any CPU.ActiveCfg = Release|Any CPU
		{BC05A2A6-BC36-4F20-A46F-E7EBC9B0AB10}.Release|Any CPU.Build.0 = Release|Any CPU
		{DD593CE6-BC17-4CB3-82EE-179453508D51}.Debug|Any CPU.ActiveCfg = Debug|Any CPU
		{DD593CE6-BC17-4CB3-82EE-179453508D51}.Debug|Any CPU.Build.0 = Debug|Any CPU
		{DD593CE6-BC17-4CB3-82EE-179453508D51}.Release|Any CPU.ActiveCfg = Release|Any CPU
		{DD593CE6-BC17-4CB3-82EE-179453508D51}.Release|Any CPU.Build.0 = Release|Any CPU
		{4781BFD1-0A5B-47CF-9AE3-FF63B47F496A}.Debug|Any CPU.ActiveCfg = Debug|Any CPU
		{4781BFD1-0A5B-47CF-9AE3-FF63B47F496A}.Debug|Any CPU.Build.0 = Debug|Any CPU
		{4781BFD1-0A5B-47CF-9AE3-FF63B47F496A}.Release|Any CPU.ActiveCfg = Release|Any CPU
		{4781BFD1-0A5B-47CF-9AE3-FF63B47F496A}.Release|Any CPU.Build.0 = Release|Any CPU
	EndGlobalSection
	GlobalSection(SolutionProperties) = preSolution
		HideSolutionNode = FALSE
	EndGlobalSection
	GlobalSection(ExtensibilityGlobals) = postSolution
		SolutionGuid = {D086AA32-2522-471A-8042-7D04A724DBEA}
	EndGlobalSection
EndGlobal
