
Microsoft Visual Studio Solution File, Format Version 12.00
# Visual Studio Version 16
VisualStudioVersion = 16.0.31402.337
MinimumVisualStudioVersion = 10.0.40219.1
Project("{9A19103F-16F7-4668-BE54-9A1E7A4F7556}") = "EF.Naming", "EF.Naming.csproj", "{37326774-9966-4B73-90CF-73C6C55AEF85}"
EndProject
Global
	GlobalSection(SolutionConfigurationPlatforms) = preSolution
		Debug|Any CPU = Debug|Any CPU
		Release|Any CPU = Release|Any CPU
	EndGlobalSection
	GlobalSection(ProjectConfigurationPlatforms) = postSolution
		{37326774-9966-4B73-90CF-73C6C55AEF85}.Debug|Any CPU.ActiveCfg = Debug|Any CPU
		{37326774-9966-4B73-90CF-73C6C55AEF85}.Debug|Any CPU.Build.0 = Debug|Any CPU
		{37326774-9966-4B73-90CF-73C6C55AEF85}.Release|Any CPU.ActiveCfg = Release|Any CPU
		{37326774-9966-4B73-90CF-73C6C55AEF85}.Release|Any CPU.Build.0 = Release|Any CPU
	EndGlobalSection
	GlobalSection(SolutionProperties) = preSolution
		HideSolutionNode = FALSE
	EndGlobalSection
	GlobalSection(ExtensibilityGlobals) = postSolution
		SolutionGuid = {A0600F85-F370-455E-BE6B-0B4815CEBA22}
	EndGlobalSection
EndGlobal
