
Microsoft Visual Studio Solution File, Format Version 12.00
# Visual Studio Version 16
VisualStudioVersion = 16.0.31402.337
MinimumVisualStudioVersion = 10.0.40219.1
Project("{FAE04EC0-301F-11D3-BF4B-00C04F79EFBC}") = "GrpcService", "GrpcService\GrpcService.csproj", "{62A8FFC8-0D22-4468-8224-56643E1F001E}"
EndProject
Global
	GlobalSection(SolutionConfigurationPlatforms) = preSolution
		Debug|Any CPU = Debug|Any CPU
		Release|Any CPU = Release|Any CPU
	EndGlobalSection
	GlobalSection(ProjectConfigurationPlatforms) = postSolution
		{62A8FFC8-0D22-4468-8224-56643E1F001E}.Debug|Any CPU.ActiveCfg = Debug|Any CPU
		{62A8FFC8-0D22-4468-8224-56643E1F001E}.Debug|Any CPU.Build.0 = Debug|Any CPU
		{62A8FFC8-0D22-4468-8224-56643E1F001E}.Release|Any CPU.ActiveCfg = Release|Any CPU
		{62A8FFC8-0D22-4468-8224-56643E1F001E}.Release|Any CPU.Build.0 = Release|Any CPU
	EndGlobalSection
	GlobalSection(SolutionProperties) = preSolution
		HideSolutionNode = FALSE
	EndGlobalSection
	GlobalSection(ExtensibilityGlobals) = postSolution
		SolutionGuid = {A228B148-DB5A-4CC3-9796-CF1084C8089A}
	EndGlobalSection
EndGlobal
